// !$*UTF8*$!
{
	archiveVersion = 1;
	classes = {
	};
	objectVersion = 55;
	objects = {

/* Begin PBXBuildFile section */
		9F69DF5F275FF2960099C11A /* AnimefyYourselfApp.swift in Sources */ = {isa = PBXBuildFile; fileRef = 9F69DF5E275FF2960099C11A /* AnimefyYourselfApp.swift */; };
		9F69DF61275FF2960099C11A /* MainView.swift in Sources */ = {isa = PBXBuildFile; fileRef = 9F69DF60275FF2960099C11A /* MainView.swift */; };
		9F69DF63275FF2970099C11A /* Assets.xcassets in Resources */ = {isa = PBXBuildFile; fileRef = 9F69DF62275FF2970099C11A /* Assets.xcassets */; };
		9F69DF66275FF2970099C11A /* Preview Assets.xcassets in Resources */ = {isa = PBXBuildFile; fileRef = 9F69DF65275FF2970099C11A /* Preview Assets.xcassets */; };
		9F69DF74275FF9BF0099C11A /* MainViewModel.swift in Sources */ = {isa = PBXBuildFile; fileRef = 9F69DF73275FF9BF0099C11A /* MainViewModel.swift */; };
		9F69DF75275FF9F70099C11A /* CameraError.swift in Sources */ = {isa = PBXBuildFile; fileRef = 9F69DF6F275FF7ED0099C11A /* CameraError.swift */; };
		9F69DF76275FF9F90099C11A /* CameraManager.swift in Sources */ = {isa = PBXBuildFile; fileRef = 9F69DF71275FF7ED0099C11A /* CameraManager.swift */; };
		9F69DF77275FF9FD0099C11A /* FrameError.swift in Sources */ = {isa = PBXBuildFile; fileRef = 9F69DF6E275FF7ED0099C11A /* FrameError.swift */; };
		9F69DF78275FFA000099C11A /* FrameManager.swift in Sources */ = {isa = PBXBuildFile; fileRef = 9F69DF70275FF7ED0099C11A /* FrameManager.swift */; };
		9F69DF7C275FFB570099C11A /* CGImageExtension.swift in Sources */ = {isa = PBXBuildFile; fileRef = 9F69DF7A275FFB550099C11A /* CGImageExtension.swift */; };
		9F69DF7D275FFB5A0099C11A /* PublisherExtension.swift in Sources */ = {isa = PBXBuildFile; fileRef = 9F69DF7B275FFB550099C11A /* PublisherExtension.swift */; };
		9F69DF80275FFD4A0099C11A /* VisionProcessor.swift in Sources */ = {isa = PBXBuildFile; fileRef = 9F69DF7F275FFD470099C11A /* VisionProcessor.swift */; };
		9F69DF82275FFD780099C11A /* AnimeGenerator.swift in Sources */ = {isa = PBXBuildFile; fileRef = 9F69DF81275FFD780099C11A /* AnimeGenerator.swift */; };
		9F69DF85275FFF450099C11A /* AnimeGANv2_512.mlmodel in Sources */ = {isa = PBXBuildFile; fileRef = 9F69DF83275FFF450099C11A /* AnimeGANv2_512.mlmodel */; };
		9F69DF86275FFF450099C11A /* AnimeGANv2_1024.mlmodel in Sources */ = {isa = PBXBuildFile; fileRef = 9F69DF84275FFF450099C11A /* AnimeGANv2_1024.mlmodel */; };
		9F69DF8927607D5A0099C11A /* FrameView.swift in Sources */ = {isa = PBXBuildFile; fileRef = 9F69DF8827607D5A0099C11A /* FrameView.swift */; };
		9F69DF8A27607D5A0099C11A /* ErrorView.swift in Sources */ = {isa = PBXBuildFile; fileRef = 9F69DF8727607D5A0099C11A /* ErrorView.swift */; };
		9F69DF8E276160CA0099C11A /* FrameDisplayMode.swift in Sources */ = {isa = PBXBuildFile; fileRef = 9F69DF8D276160CA0099C11A /* FrameDisplayMode.swift */; };
/* End PBXBuildFile section */

/* Begin PBXFileReference section */
		9F69DF5B275FF2960099C11A /* Anime-fy Yourself.app */ = {isa = PBXFileReference; explicitFileType = wrapper.application; includeInIndex = 0; path = "Anime-fy Yourself.app"; sourceTree = BUILT_PRODUCTS_DIR; };
		9F69DF5E275FF2960099C11A /* AnimefyYourselfApp.swift */ = {isa = PBXFileReference; lastKnownFileType = sourcecode.swift; path = AnimefyYourselfApp.swift; sourceTree = "<group>"; };
		9F69DF60275FF2960099C11A /* MainView.swift */ = {isa = PBXFileReference; lastKnownFileType = sourcecode.swift; path = MainView.swift; sourceTree = "<group>"; };
		9F69DF62275FF2970099C11A /* Assets.xcassets */ = {isa = PBXFileReference; lastKnownFileType = folder.assetcatalog; path = Assets.xcassets; sourceTree = "<group>"; };
		9F69DF65275FF2970099C11A /* Preview Assets.xcassets */ = {isa = PBXFileReference; lastKnownFileType = folder.assetcatalog; path = "Preview Assets.xcassets"; sourceTree = "<group>"; };
		9F69DF6E275FF7ED0099C11A /* FrameError.swift */ = {isa = PBXFileReference; lastKnownFileType = sourcecode.swift; path = FrameError.swift; sourceTree = "<group>"; };
		9F69DF6F275FF7ED0099C11A /* CameraError.swift */ = {isa = PBXFileReference; lastKnownFileType = sourcecode.swift; path = CameraError.swift; sourceTree = "<group>"; };
		9F69DF70275FF7ED0099C11A /* FrameManager.swift */ = {isa = PBXFileReference; lastKnownFileType = sourcecode.swift; path = FrameManager.swift; sourceTree = "<group>"; };
		9F69DF71275FF7ED0099C11A /* CameraManager.swift */ = {isa = PBXFileReference; lastKnownFileType = sourcecode.swift; path = CameraManager.swift; sourceTree = "<group>"; };
		9F69DF73275FF9BF0099C11A /* MainViewModel.swift */ = {isa = PBXFileReference; fileEncoding = 4; lastKnownFileType = sourcecode.swift; path = MainViewModel.swift; sourceTree = "<group>"; };
		9F69DF7A275FFB550099C11A /* CGImageExtension.swift */ = {isa = PBXFileReference; lastKnownFileType = sourcecode.swift; path = CGImageExtension.swift; sourceTree = "<group>"; };
		9F69DF7B275FFB550099C11A /* PublisherExtension.swift */ = {isa = PBXFileReference; lastKnownFileType = sourcecode.swift; path = PublisherExtension.swift; sourceTree = "<group>"; };
		9F69DF7F275FFD470099C11A /* VisionProcessor.swift */ = {isa = PBXFileReference; lastKnownFileType = sourcecode.swift; path = VisionProcessor.swift; sourceTree = "<group>"; };
		9F69DF81275FFD780099C11A /* AnimeGenerator.swift */ = {isa = PBXFileReference; lastKnownFileType = sourcecode.swift; path = AnimeGenerator.swift; sourceTree = "<group>"; };
		9F69DF83275FFF450099C11A /* AnimeGANv2_512.mlmodel */ = {isa = PBXFileReference; lastKnownFileType = file.mlmodel; path = AnimeGANv2_512.mlmodel; sourceTree = "<group>"; };
		9F69DF84275FFF450099C11A /* AnimeGANv2_1024.mlmodel */ = {isa = PBXFileReference; lastKnownFileType = file.mlmodel; path = AnimeGANv2_1024.mlmodel; sourceTree = "<group>"; };
		9F69DF8727607D5A0099C11A /* ErrorView.swift */ = {isa = PBXFileReference; lastKnownFileType = sourcecode.swift; path = ErrorView.swift; sourceTree = "<group>"; };
		9F69DF8827607D5A0099C11A /* FrameView.swift */ = {isa = PBXFileReference; lastKnownFileType = sourcecode.swift; path = FrameView.swift; sourceTree = "<group>"; };
		9F69DF8D276160CA0099C11A /* FrameDisplayMode.swift */ = {isa = PBXFileReference; lastKnownFileType = sourcecode.swift; path = FrameDisplayMode.swift; sourceTree = "<group>"; };
/* End PBXFileReference section */

/* Begin PBXFrameworksBuildPhase section */
		9F69DF58275FF2960099C11A /* Frameworks */ = {
			isa = PBXFrameworksBuildPhase;
			buildActionMask = 2147483647;
			files = (
			);
			runOnlyForDeploymentPostprocessing = 0;
		};
/* End PBXFrameworksBuildPhase section */

/* Begin PBXGroup section */
		9F69DF52275FF2960099C11A = {
			isa = PBXGroup;
			children = (
				9F69DF5D275FF2960099C11A /* Anime-fy Yourself */,
				9F69DF5C275FF2960099C11A /* Products */,
			);
			sourceTree = "<group>";
		};
		9F69DF5C275FF2960099C11A /* Products */ = {
			isa = PBXGroup;
			children = (
				9F69DF5B275FF2960099C11A /* Anime-fy Yourself.app */,
			);
			name = Products;
			sourceTree = "<group>";
		};
		9F69DF5D275FF2960099C11A /* Anime-fy Yourself */ = {
			isa = PBXGroup;
			children = (
				9F69DF6C275FF7880099C11A /* Camera */,
				9F69DF7E275FFD1C0099C11A /* CoreML */,
				9F69DF79275FFB420099C11A /* Extensions */,
				9F69DF8C276160A50099C11A /* Models */,
				9F69DF72275FF9A60099C11A /* ViewModels */,
				9F69DF6D275FF78D0099C11A /* Views */,
				9F69DF5E275FF2960099C11A /* AnimefyYourselfApp.swift */,
				9F69DF62275FF2970099C11A /* Assets.xcassets */,
				9F69DF64275FF2970099C11A /* Preview Content */,
			);
			path = "Anime-fy Yourself";
			sourceTree = "<group>";
		};
		9F69DF64275FF2970099C11A /* Preview Content */ = {
			isa = PBXGroup;
			children = (
				9F69DF65275FF2970099C11A /* Preview Assets.xcassets */,
			);
			path = "Preview Content";
			sourceTree = "<group>";
		};
		9F69DF6C275FF7880099C11A /* Camera */ = {
			isa = PBXGroup;
			children = (
				9F69DF6F275FF7ED0099C11A /* CameraError.swift */,
				9F69DF71275FF7ED0099C11A /* CameraManager.swift */,
				9F69DF6E275FF7ED0099C11A /* FrameError.swift */,
				9F69DF70275FF7ED0099C11A /* FrameManager.swift */,
			);
			path = Camera;
			sourceTree = "<group>";
		};
		9F69DF6D275FF78D0099C11A /* Views */ = {
			isa = PBXGroup;
			children = (
				9F69DF8B27607D5E0099C11A /* Components */,
				9F69DF60275FF2960099C11A /* MainView.swift */,
			);
			path = Views;
			sourceTree = "<group>";
		};
		9F69DF72275FF9A60099C11A /* ViewModels */ = {
			isa = PBXGroup;
			children = (
				9F69DF73275FF9BF0099C11A /* MainViewModel.swift */,
			);
			path = ViewModels;
			sourceTree = "<group>";
		};
		9F69DF79275FFB420099C11A /* Extensions */ = {
			isa = PBXGroup;
			children = (
				9F69DF7A275FFB550099C11A /* CGImageExtension.swift */,
				9F69DF7B275FFB550099C11A /* PublisherExtension.swift */,
			);
			path = Extensions;
			sourceTree = "<group>";
		};
		9F69DF7E275FFD1C0099C11A /* CoreML */ = {
			isa = PBXGroup;
			children = (
				9F69DF83275FFF450099C11A /* AnimeGANv2_512.mlmodel */,
				9F69DF84275FFF450099C11A /* AnimeGANv2_1024.mlmodel */,
				9F69DF81275FFD780099C11A /* AnimeGenerator.swift */,
				9F69DF7F275FFD470099C11A /* VisionProcessor.swift */,
			);
			path = CoreML;
			sourceTree = "<group>";
		};
		9F69DF8B27607D5E0099C11A /* Components */ = {
			isa = PBXGroup;
			children = (
				9F69DF8727607D5A0099C11A /* ErrorView.swift */,
				9F69DF8827607D5A0099C11A /* FrameView.swift */,
			);
			path = Components;
			sourceTree = "<group>";
		};
		9F69DF8C276160A50099C11A /* Models */ = {
			isa = PBXGroup;
			children = (
				9F69DF8D276160CA0099C11A /* FrameDisplayMode.swift */,
			);
			path = Models;
			sourceTree = "<group>";
		};
/* End PBXGroup section */

/* Begin PBXNativeTarget section */
		9F69DF5A275FF2960099C11A /* Anime-fy Yourself */ = {
			isa = PBXNativeTarget;
			buildConfigurationList = 9F69DF69275FF2970099C11A /* Build configuration list for PBXNativeTarget "Anime-fy Yourself" */;
			buildPhases = (
				9F69DF57275FF2960099C11A /* Sources */,
				9F69DF58275FF2960099C11A /* Frameworks */,
				9F69DF59275FF2960099C11A /* Resources */,
			);
			buildRules = (
			);
			dependencies = (
			);
			name = "Anime-fy Yourself";
			productName = "Anime-fy Yourself";
			productReference = 9F69DF5B275FF2960099C11A /* Anime-fy Yourself.app */;
			productType = "com.apple.product-type.application";
		};
/* End PBXNativeTarget section */

/* Begin PBXProject section */
		9F69DF53275FF2960099C11A /* Project object */ = {
			isa = PBXProject;
			attributes = {
				BuildIndependentTargetsInParallel = 1;
				LastSwiftUpdateCheck = 1310;
				LastUpgradeCheck = 1310;
				TargetAttributes = {
					9F69DF5A275FF2960099C11A = {
						CreatedOnToolsVersion = 13.1;
					};
				};
			};
			buildConfigurationList = 9F69DF56275FF2960099C11A /* Build configuration list for PBXProject "Anime-fy Yourself" */;
			compatibilityVersion = "Xcode 13.0";
			developmentRegion = en;
			hasScannedForEncodings = 0;
			knownRegions = (
				en,
				Base,
			);
			mainGroup = 9F69DF52275FF2960099C11A;
			productRefGroup = 9F69DF5C275FF2960099C11A /* Products */;
			projectDirPath = "";
			projectRoot = "";
			targets = (
				9F69DF5A275FF2960099C11A /* Anime-fy Yourself */,
			);
		};
/* End PBXProject section */

/* Begin PBXResourcesBuildPhase section */
		9F69DF59275FF2960099C11A /* Resources */ = {
			isa = PBXResourcesBuildPhase;
			buildActionMask = 2147483647;
			files = (
				9F69DF66275FF2970099C11A /* Preview Assets.xcassets in Resources */,
				9F69DF63275FF2970099C11A /* Assets.xcassets in Resources */,
			);
			runOnlyForDeploymentPostprocessing = 0;
		};
/* End PBXResourcesBuildPhase section */

/* Begin PBXSourcesBuildPhase section */
		9F69DF57275FF2960099C11A /* Sources */ = {
			isa = PBXSourcesBuildPhase;
			buildActionMask = 2147483647;
			files = (
				9F69DF61275FF2960099C11A /* MainView.swift in Sources */,
				9F69DF86275FFF450099C11A /* AnimeGANv2_1024.mlmodel in Sources */,
				9F69DF85275FFF450099C11A /* AnimeGANv2_512.mlmodel in Sources */,
				9F69DF5F275FF2960099C11A /* AnimefyYourselfApp.swift in Sources */,
				9F69DF74275FF9BF0099C11A /* MainViewModel.swift in Sources */,
				9F69DF7C275FFB570099C11A /* CGImageExtension.swift in Sources */,
				9F69DF75275FF9F70099C11A /* CameraError.swift in Sources */,
				9F69DF82275FFD780099C11A /* AnimeGenerator.swift in Sources */,
				9F69DF77275FF9FD0099C11A /* FrameError.swift in Sources */,
				9F69DF78275FFA000099C11A /* FrameManager.swift in Sources */,
				9F69DF8A27607D5A0099C11A /* ErrorView.swift in Sources */,
				9F69DF7D275FFB5A0099C11A /* PublisherExtension.swift in Sources */,
				9F69DF80275FFD4A0099C11A /* VisionProcessor.swift in Sources */,
				9F69DF8927607D5A0099C11A /* FrameView.swift in Sources */,
				9F69DF8E276160CA0099C11A /* FrameDisplayMode.swift in Sources */,
				9F69DF76275FF9F90099C11A /* CameraManager.swift in Sources */,
			);
			runOnlyForDeploymentPostprocessing = 0;
		};
/* End PBXSourcesBuildPhase section */

/* Begin XCBuildConfiguration section */
		9F69DF67275FF2970099C11A /* Debug */ = {
			isa = XCBuildConfiguration;
			buildSettings = {
				ALWAYS_SEARCH_USER_PATHS = NO;
				CLANG_ANALYZER_NONNULL = YES;
				CLANG_ANALYZER_NUMBER_OBJECT_CONVERSION = YES_AGGRESSIVE;
				CLANG_CXX_LANGUAGE_STANDARD = "gnu++17";
				CLANG_CXX_LIBRARY = "libc++";
				CLANG_ENABLE_MODULES = YES;
				CLANG_ENABLE_OBJC_ARC = YES;
				CLANG_ENABLE_OBJC_WEAK = YES;
				CLANG_WARN_BLOCK_CAPTURE_AUTORELEASING = YES;
				CLANG_WARN_BOOL_CONVERSION = YES;
				CLANG_WARN_COMMA = YES;
				CLANG_WARN_CONSTANT_CONVERSION = YES;
				CLANG_WARN_DEPRECATED_OBJC_IMPLEMENTATIONS = YES;
				CLANG_WARN_DIRECT_OBJC_ISA_USAGE = YES_ERROR;
				CLANG_WARN_DOCUMENTATION_COMMENTS = YES;
				CLANG_WARN_EMPTY_BODY = YES;
				CLANG_WARN_ENUM_CONVERSION = YES;
				CLANG_WARN_INFINITE_RECURSION = YES;
				CLANG_WARN_INT_CONVERSION = YES;
				CLANG_WARN_NON_LITERAL_NULL_CONVERSION = YES;
				CLANG_WARN_OBJC_IMPLICIT_RETAIN_SELF = YES;
				CLANG_WARN_OBJC_LITERAL_CONVERSION = YES;
				CLANG_WARN_OBJC_ROOT_CLASS = YES_ERROR;
				CLANG_WARN_QUOTED_INCLUDE_IN_FRAMEWORK_HEADER = YES;
				CLANG_WARN_RANGE_LOOP_ANALYSIS = YES;
				CLANG_WARN_STRICT_PROTOTYPES = YES;
				CLANG_WARN_SUSPICIOUS_MOVE = YES;
				CLANG_WARN_UNGUARDED_AVAILABILITY = YES_AGGRESSIVE;
				CLANG_WARN_UNREACHABLE_CODE = YES;
				CLANG_WARN__DUPLICATE_METHOD_MATCH = YES;
				COPY_PHASE_STRIP = NO;
				DEBUG_INFORMATION_FORMAT = dwarf;
				ENABLE_STRICT_OBJC_MSGSEND = YES;
				ENABLE_TESTABILITY = YES;
				GCC_C_LANGUAGE_STANDARD = gnu11;
				GCC_DYNAMIC_NO_PIC = NO;
				GCC_NO_COMMON_BLOCKS = YES;
				GCC_OPTIMIZATION_LEVEL = 0;
				GCC_PREPROCESSOR_DEFINITIONS = (
					"DEBUG=1",
					"$(inherited)",
				);
				GCC_WARN_64_TO_32_BIT_CONVERSION = YES;
				GCC_WARN_ABOUT_RETURN_TYPE = YES_ERROR;
				GCC_WARN_UNDECLARED_SELECTOR = YES;
				GCC_WARN_UNINITIALIZED_AUTOS = YES_AGGRESSIVE;
				GCC_WARN_UNUSED_FUNCTION = YES;
				GCC_WARN_UNUSED_VARIABLE = YES;
				IPHONEOS_DEPLOYMENT_TARGET = 15.0;
				MTL_ENABLE_DEBUG_INFO = INCLUDE_SOURCE;
				MTL_FAST_MATH = YES;
				ONLY_ACTIVE_ARCH = YES;
				SDKROOT = iphoneos;
				SWIFT_ACTIVE_COMPILATION_CONDITIONS = DEBUG;
				SWIFT_OPTIMIZATION_LEVEL = "-Onone";
			};
			name = Debug;
		};
		9F69DF68275FF2970099C11A /* Release */ = {
			isa = XCBuildConfiguration;
			buildSettings = {
				ALWAYS_SEARCH_USER_PATHS = NO;
				CLANG_ANALYZER_NONNULL = YES;
				CLANG_ANALYZER_NUMBER_OBJECT_CONVERSION = YES_AGGRESSIVE;
				CLANG_CXX_LANGUAGE_STANDARD = "gnu++17";
				CLANG_CXX_LIBRARY = "libc++";
				CLANG_ENABLE_MODULES = YES;
				CLANG_ENABLE_OBJC_ARC = YES;
				CLANG_ENABLE_OBJC_WEAK = YES;
				CLANG_WARN_BLOCK_CAPTURE_AUTORELEASING = YES;
				CLANG_WARN_BOOL_CONVERSION = YES;
				CLANG_WARN_COMMA = YES;
				CLANG_WARN_CONSTANT_CONVERSION = YES;
				CLANG_WARN_DEPRECATED_OBJC_IMPLEMENTATIONS = YES;
				CLANG_WARN_DIRECT_OBJC_ISA_USAGE = YES_ERROR;
				CLANG_WARN_DOCUMENTATION_COMMENTS = YES;
				CLANG_WARN_EMPTY_BODY = YES;
				CLANG_WARN_ENUM_CONVERSION = YES;
				CLANG_WARN_INFINITE_RECURSION = YES;
				CLANG_WARN_INT_CONVERSION = YES;
				CLANG_WARN_NON_LITERAL_NULL_CONVERSION = YES;
				CLANG_WARN_OBJC_IMPLICIT_RETAIN_SELF = YES;
				CLANG_WARN_OBJC_LITERAL_CONVERSION = YES;
				CLANG_WARN_OBJC_ROOT_CLASS = YES_ERROR;
				CLANG_WARN_QUOTED_INCLUDE_IN_FRAMEWORK_HEADER = YES;
				CLANG_WARN_RANGE_LOOP_ANALYSIS = YES;
				CLANG_WARN_STRICT_PROTOTYPES = YES;
				CLANG_WARN_SUSPICIOUS_MOVE = YES;
				CLANG_WARN_UNGUARDED_AVAILABILITY = YES_AGGRESSIVE;
				CLANG_WARN_UNREACHABLE_CODE = YES;
				CLANG_WARN__DUPLICATE_METHOD_MATCH = YES;
				COPY_PHASE_STRIP = NO;
				DEBUG_INFORMATION_FORMAT = "dwarf-with-dsym";
				ENABLE_NS_ASSERTIONS = NO;
				ENABLE_STRICT_OBJC_MSGSEND = YES;
				GCC_C_LANGUAGE_STANDARD = gnu11;
				GCC_NO_COMMON_BLOCKS = YES;
				GCC_WARN_64_TO_32_BIT_CONVERSION = YES;
				GCC_WARN_ABOUT_RETURN_TYPE = YES_ERROR;
				GCC_WARN_UNDECLARED_SELECTOR = YES;
				GCC_WARN_UNINITIALIZED_AUTOS = YES_AGGRESSIVE;
				GCC_WARN_UNUSED_FUNCTION = YES;
				GCC_WARN_UNUSED_VARIABLE = YES;
				IPHONEOS_DEPLOYMENT_TARGET = 15.0;
				MTL_ENABLE_DEBUG_INFO = NO;
				MTL_FAST_MATH = YES;
				SDKROOT = iphoneos;
				SWIFT_COMPILATION_MODE = wholemodule;
				SWIFT_OPTIMIZATION_LEVEL = "-O";
				VALIDATE_PRODUCT = YES;
			};
			name = Release;
		};
		9F69DF6A275FF2970099C11A /* Debug */ = {
			isa = XCBuildConfiguration;
			buildSettings = {
				ASSETCATALOG_COMPILER_APPICON_NAME = AppIcon;
				ASSETCATALOG_COMPILER_GLOBAL_ACCENT_COLOR_NAME = AccentColor;
				CODE_SIGN_STYLE = Automatic;
				CURRENT_PROJECT_VERSION = 1;
				DEVELOPMENT_ASSET_PATHS = "\"Anime-fy Yourself/Preview Content\"";
				DEVELOPMENT_TEAM = 4DGX53B8FW;
				ENABLE_PREVIEWS = YES;
				GENERATE_INFOPLIST_FILE = YES;
				INFOPLIST_KEY_NSCameraUsageDescription = "This app uses the camera to create Anime-style images";
				INFOPLIST_KEY_UIApplicationSceneManifest_Generation = YES;
				INFOPLIST_KEY_UIApplicationSupportsIndirectInputEvents = YES;
				INFOPLIST_KEY_UILaunchScreen_Generation = YES;
				INFOPLIST_KEY_UISupportedInterfaceOrientations_iPad = "UIInterfaceOrientationPortrait UIInterfaceOrientationPortraitUpsideDown UIInterfaceOrientationLandscapeLeft UIInterfaceOrientationLandscapeRight";
				INFOPLIST_KEY_UISupportedInterfaceOrientations_iPhone = "UIInterfaceOrientationPortrait UIInterfaceOrientationLandscapeLeft UIInterfaceOrientationLandscapeRight";
				LD_RUNPATH_SEARCH_PATHS = (
					"$(inherited)",
					"@executable_path/Frameworks",
				);
				MARKETING_VERSION = 1.0;
				PRODUCT_BUNDLE_IDENTIFIER = "com.toojuice.Anime-fy-Yourself";
				PRODUCT_NAME = "$(TARGET_NAME)";
				SWIFT_EMIT_LOC_STRINGS = YES;
				SWIFT_VERSION = 5.0;
				TARGETED_DEVICE_FAMILY = "1,2";
			};
			name = Debug;
		};
		9F69DF6B275FF2970099C11A /* Release */ = {
			isa = XCBuildConfiguration;
			buildSettings = {
				ASSETCATALOG_COMPILER_APPICON_NAME = AppIcon;
				ASSETCATALOG_COMPILER_GLOBAL_ACCENT_COLOR_NAME = AccentColor;
				CODE_SIGN_STYLE = Automatic;
				CURRENT_PROJECT_VERSION = 1;
				DEVELOPMENT_ASSET_PATHS = "\"Anime-fy Yourself/Preview Content\"";
				DEVELOPMENT_TEAM = 4DGX53B8FW;
				ENABLE_PREVIEWS = YES;
				GENERATE_INFOPLIST_FILE = YES;
				INFOPLIST_KEY_NSCameraUsageDescription = "This app uses the camera to create Anime-style images";
				INFOPLIST_KEY_UIApplicationSceneManifest_Generation = YES;
				INFOPLIST_KEY_UIApplicationSupportsIndirectInputEvents = YES;
				INFOPLIST_KEY_UILaunchScreen_Generation = YES;
				INFOPLIST_KEY_UISupportedInterfaceOrientations_iPad = "UIInterfaceOrientationPortrait UIInterfaceOrientationPortraitUpsideDown UIInterfaceOrientationLandscapeLeft UIInterfaceOrientationLandscapeRight";
				INFOPLIST_KEY_UISupportedInterfaceOrientations_iPhone = "UIInterfaceOrientationPortrait UIInterfaceOrientationLandscapeLeft UIInterfaceOrientationLandscapeRight";
				LD_RUNPATH_SEARCH_PATHS = (
					"$(inherited)",
					"@executable_path/Frameworks",
				);
				MARKETING_VERSION = 1.0;
				PRODUCT_BUNDLE_IDENTIFIER = "com.toojuice.Anime-fy-Yourself";
				PRODUCT_NAME = "$(TARGET_NAME)";
				SWIFT_EMIT_LOC_STRINGS = YES;
				SWIFT_VERSION = 5.0;
				TARGETED_DEVICE_FAMILY = "1,2";
			};
			name = Release;
		};
/* End XCBuildConfiguration section */

/* Begin XCConfigurationList section */
		9F69DF56275FF2960099C11A /* Build configuration list for PBXProject "Anime-fy Yourself" */ = {
			isa = XCConfigurationList;
			buildConfigurations = (
				9F69DF67275FF2970099C11A /* Debug */,
				9F69DF68275FF2970099C11A /* Release */,
			);
			defaultConfigurationIsVisible = 0;
			defaultConfigurationName = Release;
		};
		9F69DF69275FF2970099C11A /* Build configuration list for PBXNativeTarget "Anime-fy Yourself" */ = {
			isa = XCConfigurationList;
			buildConfigurations = (
				9F69DF6A275FF2970099C11A /* Debug */,
				9F69DF6B275FF2970099C11A /* Release */,
			);
			defaultConfigurationIsVisible = 0;
			defaultConfigurationName = Release;
		};
/* End XCConfigurationList section */
	};
	rootObject = 9F69DF53275FF2960099C11A /* Project object */;
}
